
Microsoft Visual Studio Solution File, Format Version 12.00
# Visual Studio Version 16
VisualStudioVersion = 16.0.31515.178
MinimumVisualStudioVersion = 10.0.40219.1
Project("{FAE04EC0-301F-11D3-BF4B-00C04F79EFBC}") = "ConsoleAsm", "ConsoleAsm.csproj", "{C6682DCE-AC8A-4F53-9EB3-941DD6CC4DAA}"
EndProject
Global
	GlobalSection(SolutionConfigurationPlatforms) = preSolution
		Debug|Any CPU = Debug|Any CPU
		Release|Any CPU = Release|Any CPU
	EndGlobalSection
	GlobalSection(ProjectConfigurationPlatforms) = postSolution
		{C6682DCE-AC8A-4F53-9EB3-941DD6CC4DAA}.Debug|Any CPU.ActiveCfg = Debug|Any CPU
		{C6682DCE-AC8A-4F53-9EB3-941DD6CC4DAA}.Debug|Any CPU.Build.0 = Debug|Any CPU
		{C6682DCE-AC8A-4F53-9EB3-941DD6CC4DAA}.Release|Any CPU.ActiveCfg = Release|Any CPU
		{C6682DCE-AC8A-4F53-9EB3-941DD6CC4DAA}.Release|Any CPU.Build.0 = Release|Any CPU
	EndGlobalSection
	GlobalSection(SolutionProperties) = preSolution
		HideSolutionNode = FALSE
	EndGlobalSection
	GlobalSection(ExtensibilityGlobals) = postSolution
		SolutionGuid = {51FFA541-0145-4169-ADA8-60AE797AB48C}
	EndGlobalSection
EndGlobal
